{
  "version": 4,
  "terraform_version": "1.2.4",
  "serial": 3,
  "lineage": "23f949ce-3e01-3520-6d76-9ae705620ee6",
  "outputs": {},
  "resources": [
    {
      "mode": "managed",
      "type": "github_repository",
      "name": "gitrepo-assignment",
      "provider": "provider[\"registry.terraform.io/hashicorp/github\"]",
      "instances": [
        {
          "schema_version": 0,
          "attributes": {
            "allow_auto_merge": false,
            "allow_merge_commit": true,
            "allow_rebase_merge": true,
            "allow_squash_merge": true,
            "archive_on_destroy": null,
            "archived": false,
            "auto_init": true,
            "branches": [
              {
                "name": "main",
                "protected": false
              }
            ],
            "default_branch": "main",
            "delete_branch_on_merge": false,
            "description": "assignment for internship of ShunyEka Systems pvt ltd",
            "etag": "W/\"7e750c639ca8bdc68177a7542df213dfecc987ffdc9f18b95212c86647e346ef\"",
            "full_name": "MusAira123/repo-from-terraform",
            "git_clone_url": "git://github.com/MusAira123/repo-from-terraform.git",
            "gitignore_template": null,
            "has_downloads": false,
            "has_issues": false,
            "has_projects": false,
            "has_wiki": false,
            "homepage_url": "",
            "html_url": "https://github.com/MusAira123/repo-from-terraform",
            "http_clone_url": "https://github.com/MusAira123/repo-from-terraform.git",
            "id": "repo-from-terraform",
            "ignore_vulnerability_alerts_during_read": null,
            "is_template": false,
            "license_template": null,
            "name": "repo-from-terraform",
            "node_id": "R_kgDOHl6AGg",
            "pages": [],
            "private": false,
            "repo_id": 509509658,
            "ssh_clone_url": "git@github.com:MusAira123/repo-from-terraform.git",
            "svn_url": "https://github.com/MusAira123/repo-from-terraform",
            "template": [],
            "topics": null,
            "visibility": "public",
            "vulnerability_alerts": false
          },
          "sensitive_attributes": [],
          "private": "bnVsbA=="
        }
      ]
    }
  ]
}
